{
  "nodes": {
    "fenix": {
      "inputs": {
        "nixpkgs": [
          "nixpkgs"
        ],
        "rust-analyzer-src": "rust-analyzer-src"
      },
      "locked": {
        "lastModified": 1631759419,
        "narHash": "sha256-CT1RJgY69ELjmYT6i90u6AdDrGJuyG8ixNrWyTnYTaU=",
        "owner": "nix-community",
        "repo": "fenix",
        "rev": "4679f81d6a59ced0fb8ddbe92c4944d39f1efe96",
        "type": "github"
      },
      "original": {
        "owner": "nix-community",
        "repo": "fenix",
        "type": "github"
      }
    },
    "flake-utils": {
      "locked": {
        "lastModified": 1631561581,
        "narHash": "sha256-3VQMV5zvxaVLvqqUrNz3iJelLw30mIVSfZmAaauM3dA=",
        "owner": "numtide",
        "repo": "flake-utils",
        "rev": "7e5bf3925f6fbdfaf50a2a7ca0be2879c4261d19",
        "type": "github"
      },
      "original": {
        "owner": "numtide",
        "repo": "flake-utils",
        "type": "github"
      }
    },
    "nixpkgs": {
      "locked": {
        "lastModified": 1631725679,
        "narHash": "sha256-EXFxVj4rN3IN8o6OSipUH2JczePbRkkUvF+ZMan9xm4=",
        "owner": "NixOS",
        "repo": "nixpkgs",
        "rev": "2bb5cbf7f8b99a8d1d6646abe5ab993f6823212f",
        "type": "github"
      },
      "original": {
        "owner": "NixOS",
        "ref": "nixpkgs-unstable",
        "repo": "nixpkgs",
        "type": "github"
      }
    },
    "root": {
      "inputs": {
        "fenix": "fenix",
        "flake-utils": "flake-utils",
        "nixpkgs": "nixpkgs"
      }
    },
    "rust-analyzer-src": {
      "flake": false,
      "locked": {
        "lastModified": 1631751992,
        "narHash": "sha256-SP4A3Fx8ZIjtBruql8TpjqAdCnyKTui5ru1YlzTrmKg=",
        "owner": "rust-analyzer",
        "repo": "rust-analyzer",
        "rev": "959c7ef563aaff19aef374cf9a31c77af9c3271a",
        "type": "github"
      },
      "original": {
        "owner": "rust-analyzer",
        "ref": "nightly",
        "repo": "rust-analyzer",
        "type": "github"
      }
    }
  },
  "root": "root",
  "version": 7
}
