{
  "nodes": {
    "fenix": {
      "inputs": {
        "nixpkgs": [
          "nixpkgs"
        ],
        "rust-analyzer-src": "rust-analyzer-src"
      },
      "locked": {
        "lastModified": 1632623288,
        "narHash": "sha256-jQmuqJzMUDvuRdorQ8YMHIhqC2XFJK5Ai8KFDVg3RHE=",
        "owner": "nix-community",
        "repo": "fenix",
        "rev": "14e71d5ba8b6bcfd01c390459f6f0a78eab01cb5",
        "type": "github"
      },
      "original": {
        "owner": "nix-community",
        "repo": "fenix",
        "type": "github"
      }
    },
    "flake-utils": {
      "locked": {
        "lastModified": 1631561581,
        "narHash": "sha256-3VQMV5zvxaVLvqqUrNz3iJelLw30mIVSfZmAaauM3dA=",
        "owner": "numtide",
        "repo": "flake-utils",
        "rev": "7e5bf3925f6fbdfaf50a2a7ca0be2879c4261d19",
        "type": "github"
      },
      "original": {
        "owner": "numtide",
        "repo": "flake-utils",
        "type": "github"
      }
    },
    "nixpkgs": {
      "locked": {
        "lastModified": 1632146492,
        "narHash": "sha256-+5LSb1alIWujWwFUZ2Juv1U9owBidLDONsz/T7ydDIY=",
        "owner": "NixOS",
        "repo": "nixpkgs",
        "rev": "1a56d76d718afb6c47dd96602c915b6d23f7c45d",
        "type": "github"
      },
      "original": {
        "owner": "NixOS",
        "ref": "nixpkgs-unstable",
        "repo": "nixpkgs",
        "type": "github"
      }
    },
    "root": {
      "inputs": {
        "fenix": "fenix",
        "flake-utils": "flake-utils",
        "nixpkgs": "nixpkgs"
      }
    },
    "rust-analyzer-src": {
      "flake": false,
      "locked": {
        "lastModified": 1632583920,
        "narHash": "sha256-UnHiVzGiscfVkCk8iLgUhwIOj3QXvAtiUzM6Rmb38yw=",
        "owner": "rust-analyzer",
        "repo": "rust-analyzer",
        "rev": "d401f2a062ffc4b458f158f535478d6cc8d09f44",
        "type": "github"
      },
      "original": {
        "owner": "rust-analyzer",
        "ref": "nightly",
        "repo": "rust-analyzer",
        "type": "github"
      }
    }
  },
  "root": "root",
  "version": 7
}
